
Microsoft Visual Studio Solution File, Format Version 12.00
# Visual Studio Version 17
VisualStudioVersion = 17.14.36221.1 d17.14
MinimumVisualStudioVersion = 10.0.40219.1
Project("{FAE04EC0-301F-11D3-BF4B-00C04F79EFBC}") = "HanStore.MvsWebUI", "HanStore.MvsWebUI\HanStore.MvsWebUI.csproj", "{E1101436-3ED0-4474-B13B-E6375A31868C}"
EndProject
Global
	GlobalSection(SolutionConfigurationPlatforms) = preSolution
		Debug|Any CPU = Debug|Any CPU
		Release|Any CPU = Release|Any CPU
	EndGlobalSection
	GlobalSection(ProjectConfigurationPlatforms) = postSolution
		{E1101436-3ED0-4474-B13B-E6375A31868C}.Debug|Any CPU.ActiveCfg = Debug|Any CPU
		{E1101436-3ED0-4474-B13B-E6375A31868C}.Debug|Any CPU.Build.0 = Debug|Any CPU
		{E1101436-3ED0-4474-B13B-E6375A31868C}.Release|Any CPU.ActiveCfg = Release|Any CPU
		{E1101436-3ED0-4474-B13B-E6375A31868C}.Release|Any CPU.Build.0 = Release|Any CPU
	EndGlobalSection
	GlobalSection(SolutionProperties) = preSolution
		HideSolutionNode = FALSE
	EndGlobalSection
	GlobalSection(ExtensibilityGlobals) = postSolution
		SolutionGuid = {1A469B45-DF13-40FF-8180-F74D0ED0ED8C}
	EndGlobalSection
EndGlobal
